
Microsoft Visual Studio Solution File, Format Version 12.00
# Visual Studio 14
VisualStudioVersion = 14.0.25420.1
MinimumVisualStudioVersion = 10.0.40219.1
Project("{FAE04EC0-301F-11D3-BF4B-00C04F79EFBC}") = "HelloRhinoEtl", "HelloRhinoEtl\HelloRhinoEtl.csproj", "{F92A76EA-3A5E-4588-AE00-BDDCA242C346}"
EndProject
Project("{2150E333-8FDC-42A3-9474-1A3956D46DE8}") = "Solution Items", "Solution Items", "{EEB29C1A-0C5C-480E-9084-64960707FA7A}"
	ProjectSection(SolutionItems) = preProject
		UntransformedWordList1.csv = UntransformedWordList1.csv
		UntransformedWordList2.csv = UntransformedWordList2.csv
	EndProjectSection
EndProject
Project("{FAE04EC0-301F-11D3-BF4B-00C04F79EFBC}") = "HelloRhinoEtl.Tests", "HelloRhinoEtl.Tests\HelloRhinoEtl.Tests.csproj", "{8EDF4429-251A-416D-BB68-93F227191BCF}"
EndProject
Project("{FAE04EC0-301F-11D3-BF4B-00C04F79EFBC}") = "WebAppHangfire", "WebAppHangfire\WebAppHangfire.csproj", "{E2BDE424-1CA0-4F72-8BAC-1083270C47F2}"
EndProject
Project("{FAE04EC0-301F-11D3-BF4B-00C04F79EFBC}") = "ConsolePlugIn", "ConsolePlugIn\ConsolePlugIn.csproj", "{61514747-F645-4E80-9FF8-C0EDC0402640}"
EndProject
Project("{FAE04EC0-301F-11D3-BF4B-00C04F79EFBC}") = "ICalculatorAdder", "ICalculatorAdder\ICalculatorAdder.csproj", "{C489FD17-9845-4DB8-8D10-42DA7C376490}"
EndProject
Project("{FAE04EC0-301F-11D3-BF4B-00C04F79EFBC}") = "IPluggable", "IPluggable\IPluggable.csproj", "{3D91D53D-4AE0-4338-B120-B7327D99734D}"
EndProject
Project("{FAE04EC0-301F-11D3-BF4B-00C04F79EFBC}") = "Multiplicar", "Multiplicar\Multiplicar.csproj", "{F1B97DC7-646F-43C6-A98D-90C93994CE73}"
EndProject
Global
	GlobalSection(SolutionConfigurationPlatforms) = preSolution
		Debug|Any CPU = Debug|Any CPU
		Release|Any CPU = Release|Any CPU
	EndGlobalSection
	GlobalSection(ProjectConfigurationPlatforms) = postSolution
		{F92A76EA-3A5E-4588-AE00-BDDCA242C346}.Debug|Any CPU.ActiveCfg = Debug|Any CPU
		{F92A76EA-3A5E-4588-AE00-BDDCA242C346}.Debug|Any CPU.Build.0 = Debug|Any CPU
		{F92A76EA-3A5E-4588-AE00-BDDCA242C346}.Release|Any CPU.ActiveCfg = Release|Any CPU
		{F92A76EA-3A5E-4588-AE00-BDDCA242C346}.Release|Any CPU.Build.0 = Release|Any CPU
		{8EDF4429-251A-416D-BB68-93F227191BCF}.Debug|Any CPU.ActiveCfg = Debug|Any CPU
		{8EDF4429-251A-416D-BB68-93F227191BCF}.Debug|Any CPU.Build.0 = Debug|Any CPU
		{8EDF4429-251A-416D-BB68-93F227191BCF}.Release|Any CPU.ActiveCfg = Release|Any CPU
		{8EDF4429-251A-416D-BB68-93F227191BCF}.Release|Any CPU.Build.0 = Release|Any CPU
		{E2BDE424-1CA0-4F72-8BAC-1083270C47F2}.Debug|Any CPU.ActiveCfg = Debug|Any CPU
		{E2BDE424-1CA0-4F72-8BAC-1083270C47F2}.Debug|Any CPU.Build.0 = Debug|Any CPU
		{E2BDE424-1CA0-4F72-8BAC-1083270C47F2}.Release|Any CPU.ActiveCfg = Release|Any CPU
		{E2BDE424-1CA0-4F72-8BAC-1083270C47F2}.Release|Any CPU.Build.0 = Release|Any CPU
		{61514747-F645-4E80-9FF8-C0EDC0402640}.Debug|Any CPU.ActiveCfg = Debug|Any CPU
		{61514747-F645-4E80-9FF8-C0EDC0402640}.Debug|Any CPU.Build.0 = Debug|Any CPU
		{61514747-F645-4E80-9FF8-C0EDC0402640}.Release|Any CPU.ActiveCfg = Release|Any CPU
		{61514747-F645-4E80-9FF8-C0EDC0402640}.Release|Any CPU.Build.0 = Release|Any CPU
		{C489FD17-9845-4DB8-8D10-42DA7C376490}.Debug|Any CPU.ActiveCfg = Debug|Any CPU
		{C489FD17-9845-4DB8-8D10-42DA7C376490}.Debug|Any CPU.Build.0 = Debug|Any CPU
		{C489FD17-9845-4DB8-8D10-42DA7C376490}.Release|Any CPU.ActiveCfg = Release|Any CPU
		{C489FD17-9845-4DB8-8D10-42DA7C376490}.Release|Any CPU.Build.0 = Release|Any CPU
		{3D91D53D-4AE0-4338-B120-B7327D99734D}.Debug|Any CPU.ActiveCfg = Debug|Any CPU
		{3D91D53D-4AE0-4338-B120-B7327D99734D}.Debug|Any CPU.Build.0 = Debug|Any CPU
		{3D91D53D-4AE0-4338-B120-B7327D99734D}.Release|Any CPU.ActiveCfg = Release|Any CPU
		{3D91D53D-4AE0-4338-B120-B7327D99734D}.Release|Any CPU.Build.0 = Release|Any CPU
		{F1B97DC7-646F-43C6-A98D-90C93994CE73}.Debug|Any CPU.ActiveCfg = Debug|Any CPU
		{F1B97DC7-646F-43C6-A98D-90C93994CE73}.Debug|Any CPU.Build.0 = Debug|Any CPU
		{F1B97DC7-646F-43C6-A98D-90C93994CE73}.Release|Any CPU.ActiveCfg = Release|Any CPU
		{F1B97DC7-646F-43C6-A98D-90C93994CE73}.Release|Any CPU.Build.0 = Release|Any CPU
	EndGlobalSection
	GlobalSection(SolutionProperties) = preSolution
		HideSolutionNode = FALSE
	EndGlobalSection
EndGlobal
